
Microsoft Visual Studio Solution File, Format Version 12.00
# Visual Studio 15
VisualStudioVersion = 15.0.28010.2036
MinimumVisualStudioVersion = 10.0.40219.1
Project("{8BC9CEB8-8B4A-11D0-8D11-00A0C91BC942}") = "Ex01", "Ex01\Ex01.vcxproj", "{39D43324-AC27-4862-885C-D1D1657296B7}"
EndProject
Project("{8BC9CEB8-8B4A-11D0-8D11-00A0C91BC942}") = "Ex02", "Ex02\Ex02.vcxproj", "{B7FA9C2C-CD78-4A47-9251-B47E5DF5AAE0}"
EndProject
Global
	GlobalSection(SolutionConfigurationPlatforms) = preSolution
		Debug|x64 = Debug|x64
		Debug|x86 = Debug|x86
		Release|x64 = Release|x64
		Release|x86 = Release|x86
	EndGlobalSection
	GlobalSection(ProjectConfigurationPlatforms) = postSolution
		{39D43324-AC27-4862-885C-D1D1657296B7}.Debug|x64.ActiveCfg = Debug|x64
		{39D43324-AC27-4862-885C-D1D1657296B7}.Debug|x64.Build.0 = Debug|x64
		{39D43324-AC27-4862-885C-D1D1657296B7}.Debug|x86.ActiveCfg = Debug|Win32
		{39D43324-AC27-4862-885C-D1D1657296B7}.Debug|x86.Build.0 = Debug|Win32
		{39D43324-AC27-4862-885C-D1D1657296B7}.Release|x64.ActiveCfg = Release|x64
		{39D43324-AC27-4862-885C-D1D1657296B7}.Release|x64.Build.0 = Release|x64
		{39D43324-AC27-4862-885C-D1D1657296B7}.Release|x86.ActiveCfg = Release|Win32
		{39D43324-AC27-4862-885C-D1D1657296B7}.Release|x86.Build.0 = Release|Win32
		{B7FA9C2C-CD78-4A47-9251-B47E5DF5AAE0}.Debug|x64.ActiveCfg = Debug|x64
		{B7FA9C2C-CD78-4A47-9251-B47E5DF5AAE0}.Debug|x64.Build.0 = Debug|x64
		{B7FA9C2C-CD78-4A47-9251-B47E5DF5AAE0}.Debug|x86.ActiveCfg = Debug|Win32
		{B7FA9C2C-CD78-4A47-9251-B47E5DF5AAE0}.Debug|x86.Build.0 = Debug|Win32
		{B7FA9C2C-CD78-4A47-9251-B47E5DF5AAE0}.Release|x64.ActiveCfg = Release|x64
		{B7FA9C2C-CD78-4A47-9251-B47E5DF5AAE0}.Release|x64.Build.0 = Release|x64
		{B7FA9C2C-CD78-4A47-9251-B47E5DF5AAE0}.Release|x86.ActiveCfg = Release|Win32
		{B7FA9C2C-CD78-4A47-9251-B47E5DF5AAE0}.Release|x86.Build.0 = Release|Win32
	EndGlobalSection
	GlobalSection(SolutionProperties) = preSolution
		HideSolutionNode = FALSE
	EndGlobalSection
	GlobalSection(ExtensibilityGlobals) = postSolution
		SolutionGuid = {58753C37-DDCE-4A2B-96B5-C7F9CADB063D}
	EndGlobalSection
EndGlobal
